
Microsoft Visual Studio Solution File, Format Version 12.00
# Visual Studio Version 17
VisualStudioVersion = 17.8.34309.116
MinimumVisualStudioVersion = 10.0.40219.1
Project("{8BC9CEB8-8B4A-11D0-8D11-00A0C91BC942}") = "chapter01", "chapter01\chapter01.vcxproj", "{5ADD4602-0701-460A-8426-1F1E12AE67A9}"
EndProject
Project("{8BC9CEB8-8B4A-11D0-8D11-00A0C91BC942}") = "chapter02", "chapter02\chapter02.vcxproj", "{25CAB1EE-005C-4480-93D2-E94AD594E3DB}"
EndProject
Project("{8BC9CEB8-8B4A-11D0-8D11-00A0C91BC942}") = "chapter03", "chapter03\chapter03.vcxproj", "{E0248C35-A5D6-4D57-9450-BDF8BECA80D3}"
EndProject
Global
	GlobalSection(SolutionConfigurationPlatforms) = preSolution
		Debug|x64 = Debug|x64
		Debug|x86 = Debug|x86
		Release|x64 = Release|x64
		Release|x86 = Release|x86
	EndGlobalSection
	GlobalSection(ProjectConfigurationPlatforms) = postSolution
		{5ADD4602-0701-460A-8426-1F1E12AE67A9}.Debug|x64.ActiveCfg = Debug|x64
		{5ADD4602-0701-460A-8426-1F1E12AE67A9}.Debug|x64.Build.0 = Debug|x64
		{5ADD4602-0701-460A-8426-1F1E12AE67A9}.Debug|x86.ActiveCfg = Debug|Win32
		{5ADD4602-0701-460A-8426-1F1E12AE67A9}.Debug|x86.Build.0 = Debug|Win32
		{5ADD4602-0701-460A-8426-1F1E12AE67A9}.Release|x64.ActiveCfg = Release|x64
		{5ADD4602-0701-460A-8426-1F1E12AE67A9}.Release|x64.Build.0 = Release|x64
		{5ADD4602-0701-460A-8426-1F1E12AE67A9}.Release|x86.ActiveCfg = Release|Win32
		{5ADD4602-0701-460A-8426-1F1E12AE67A9}.Release|x86.Build.0 = Release|Win32
		{25CAB1EE-005C-4480-93D2-E94AD594E3DB}.Debug|x64.ActiveCfg = Debug|x64
		{25CAB1EE-005C-4480-93D2-E94AD594E3DB}.Debug|x64.Build.0 = Debug|x64
		{25CAB1EE-005C-4480-93D2-E94AD594E3DB}.Debug|x86.ActiveCfg = Debug|Win32
		{25CAB1EE-005C-4480-93D2-E94AD594E3DB}.Debug|x86.Build.0 = Debug|Win32
		{25CAB1EE-005C-4480-93D2-E94AD594E3DB}.Release|x64.ActiveCfg = Release|x64
		{25CAB1EE-005C-4480-93D2-E94AD594E3DB}.Release|x64.Build.0 = Release|x64
		{25CAB1EE-005C-4480-93D2-E94AD594E3DB}.Release|x86.ActiveCfg = Release|Win32
		{25CAB1EE-005C-4480-93D2-E94AD594E3DB}.Release|x86.Build.0 = Release|Win32
		{E0248C35-A5D6-4D57-9450-BDF8BECA80D3}.Debug|x64.ActiveCfg = Debug|x64
		{E0248C35-A5D6-4D57-9450-BDF8BECA80D3}.Debug|x64.Build.0 = Debug|x64
		{E0248C35-A5D6-4D57-9450-BDF8BECA80D3}.Debug|x86.ActiveCfg = Debug|Win32
		{E0248C35-A5D6-4D57-9450-BDF8BECA80D3}.Debug|x86.Build.0 = Debug|Win32
		{E0248C35-A5D6-4D57-9450-BDF8BECA80D3}.Release|x64.ActiveCfg = Release|x64
		{E0248C35-A5D6-4D57-9450-BDF8BECA80D3}.Release|x64.Build.0 = Release|x64
		{E0248C35-A5D6-4D57-9450-BDF8BECA80D3}.Release|x86.ActiveCfg = Release|Win32
		{E0248C35-A5D6-4D57-9450-BDF8BECA80D3}.Release|x86.Build.0 = Release|Win32
	EndGlobalSection
	GlobalSection(SolutionProperties) = preSolution
		HideSolutionNode = FALSE
	EndGlobalSection
	GlobalSection(ExtensibilityGlobals) = postSolution
		SolutionGuid = {28B71AFF-B69E-48BB-95CA-5EB9313B89F6}
	EndGlobalSection
EndGlobal
