<?xml version="1.0" encoding="utf-8"?>
<Project ToolsVersion="4.0" xmlns="http://schemas.microsoft.com/developer/msbuild/2003">
  <ItemGroup>
    <ClCompile Include="main.cpp" />
    <ClCompile Include="src\Enemy.cpp" />
    <ClCompile Include="src\Boss.cpp" />
    <ClCompile Include="Creature.cpp" />
    <ClCompile Include="Orc.cpp" />
  </ItemGroup>
  <ItemGroup>
    <ClInclude Include="lib\Enemy.h" />
    <ClInclude Include="lib\Boss.h" />
    <ClInclude Include="Creature.h" />
    <ClInclude Include="Orc.h" />
  </ItemGroup>
</Project>