<?xml version="1.0" encoding="utf-8"?>
<Project ToolsVersion="4.0" xmlns="http://schemas.microsoft.com/developer/msbuild/2003">
  <ItemGroup>
    <ClCompile Include="1.1\game_over.cpp" />
    <ClCompile Include="1.2\game_over2.cpp" />
    <ClCompile Include="1.3\game_over3.cpp" />
    <ClCompile Include="1.4\expensive_calculator.cpp" />
    <ClCompile Include="1.5\game_stats.cpp" />
    <ClCompile Include="1.6\game_stats2.cpp" />
    <ClCompile Include="1.7\game_stats3.cpp" />
  </ItemGroup>
</Project>